// !$*UTF8*$!
{
	archiveVersion = 1;
	classes = {
	};
	objectVersion = 56;
	objects = {

/* Begin PBXBuildFile section */
		07891410E6C6067D6E7E9157 /* Pods_Basic_Instagram_Clone_with_Firebase.framework in Frameworks */ = {isa = PBXBuildFile; fileRef = E2681B1F2944A07DD5020AD1 /* Pods_Basic_Instagram_Clone_with_Firebase.framework */; };
		ECC616B12A30E54500EC430B /* FeedVC.swift in Sources */ = {isa = PBXBuildFile; fileRef = ECC616B02A30E54500EC430B /* FeedVC.swift */; };
		ECC616B32A30E57500EC430B /* UploadVC.swift in Sources */ = {isa = PBXBuildFile; fileRef = ECC616B22A30E57500EC430B /* UploadVC.swift */; };
		ECC616B52A30E58400EC430B /* SettingsVC.swift in Sources */ = {isa = PBXBuildFile; fileRef = ECC616B42A30E58400EC430B /* SettingsVC.swift */; };
		ECDE1A252A30B70D00C9B2FE /* AppDelegate.swift in Sources */ = {isa = PBXBuildFile; fileRef = ECDE1A242A30B70D00C9B2FE /* AppDelegate.swift */; };
		ECDE1A272A30B70D00C9B2FE /* SceneDelegate.swift in Sources */ = {isa = PBXBuildFile; fileRef = ECDE1A262A30B70D00C9B2FE /* SceneDelegate.swift */; };
		ECDE1A292A30B70D00C9B2FE /* ViewController.swift in Sources */ = {isa = PBXBuildFile; fileRef = ECDE1A282A30B70D00C9B2FE /* ViewController.swift */; };
		ECDE1A2C2A30B70D00C9B2FE /* Main.storyboard in Resources */ = {isa = PBXBuildFile; fileRef = ECDE1A2A2A30B70D00C9B2FE /* Main.storyboard */; };
		ECDE1A2E2A30B70E00C9B2FE /* Assets.xcassets in Resources */ = {isa = PBXBuildFile; fileRef = ECDE1A2D2A30B70E00C9B2FE /* Assets.xcassets */; };
		ECDE1A312A30B70E00C9B2FE /* LaunchScreen.storyboard in Resources */ = {isa = PBXBuildFile; fileRef = ECDE1A2F2A30B70E00C9B2FE /* LaunchScreen.storyboard */; };
		ECDE1A392A30BBC200C9B2FE /* GoogleService-Info.plist in Resources */ = {isa = PBXBuildFile; fileRef = ECDE1A382A30BBC200C9B2FE /* GoogleService-Info.plist */; };
/* End PBXBuildFile section */

/* Begin PBXFileReference section */
		3C51E184463B4FBD131D121B /* Pods-Basic Instagram Clone with Firebase.debug.xcconfig */ = {isa = PBXFileReference; includeInIndex = 1; lastKnownFileType = text.xcconfig; name = "Pods-Basic Instagram Clone with Firebase.debug.xcconfig"; path = "Target Support Files/Pods-Basic Instagram Clone with Firebase/Pods-Basic Instagram Clone with Firebase.debug.xcconfig"; sourceTree = "<group>"; };
		9F6F7F51847A8748AA783EEC /* Pods-Basic Instagram Clone with Firebase.release.xcconfig */ = {isa = PBXFileReference; includeInIndex = 1; lastKnownFileType = text.xcconfig; name = "Pods-Basic Instagram Clone with Firebase.release.xcconfig"; path = "Target Support Files/Pods-Basic Instagram Clone with Firebase/Pods-Basic Instagram Clone with Firebase.release.xcconfig"; sourceTree = "<group>"; };
		E2681B1F2944A07DD5020AD1 /* Pods_Basic_Instagram_Clone_with_Firebase.framework */ = {isa = PBXFileReference; explicitFileType = wrapper.framework; includeInIndex = 0; path = Pods_Basic_Instagram_Clone_with_Firebase.framework; sourceTree = BUILT_PRODUCTS_DIR; };
		ECC616B02A30E54500EC430B /* FeedVC.swift */ = {isa = PBXFileReference; lastKnownFileType = sourcecode.swift; path = FeedVC.swift; sourceTree = "<group>"; };
		ECC616B22A30E57500EC430B /* UploadVC.swift */ = {isa = PBXFileReference; lastKnownFileType = sourcecode.swift; path = UploadVC.swift; sourceTree = "<group>"; };
		ECC616B42A30E58400EC430B /* SettingsVC.swift */ = {isa = PBXFileReference; lastKnownFileType = sourcecode.swift; path = SettingsVC.swift; sourceTree = "<group>"; };
		ECDE1A212A30B70D00C9B2FE /* Basic Instagram Clone with Firebase.app */ = {isa = PBXFileReference; explicitFileType = wrapper.application; includeInIndex = 0; path = "Basic Instagram Clone with Firebase.app"; sourceTree = BUILT_PRODUCTS_DIR; };
		ECDE1A242A30B70D00C9B2FE /* AppDelegate.swift */ = {isa = PBXFileReference; lastKnownFileType = sourcecode.swift; path = AppDelegate.swift; sourceTree = "<group>"; };
		ECDE1A262A30B70D00C9B2FE /* SceneDelegate.swift */ = {isa = PBXFileReference; lastKnownFileType = sourcecode.swift; path = SceneDelegate.swift; sourceTree = "<group>"; };
		ECDE1A282A30B70D00C9B2FE /* ViewController.swift */ = {isa = PBXFileReference; lastKnownFileType = sourcecode.swift; path = ViewController.swift; sourceTree = "<group>"; };
		ECDE1A2B2A30B70D00C9B2FE /* Base */ = {isa = PBXFileReference; lastKnownFileType = file.storyboard; name = Base; path = Base.lproj/Main.storyboard; sourceTree = "<group>"; };
		ECDE1A2D2A30B70E00C9B2FE /* Assets.xcassets */ = {isa = PBXFileReference; lastKnownFileType = folder.assetcatalog; path = Assets.xcassets; sourceTree = "<group>"; };
		ECDE1A302A30B70E00C9B2FE /* Base */ = {isa = PBXFileReference; lastKnownFileType = file.storyboard; name = Base; path = Base.lproj/LaunchScreen.storyboard; sourceTree = "<group>"; };
		ECDE1A322A30B70E00C9B2FE /* Info.plist */ = {isa = PBXFileReference; lastKnownFileType = text.plist.xml; path = Info.plist; sourceTree = "<group>"; };
		ECDE1A382A30BBC200C9B2FE /* GoogleService-Info.plist */ = {isa = PBXFileReference; fileEncoding = 4; lastKnownFileType = text.plist.xml; path = "GoogleService-Info.plist"; sourceTree = "<group>"; };
/* End PBXFileReference section */

/* Begin PBXFrameworksBuildPhase section */
		ECDE1A1E2A30B70D00C9B2FE /* Frameworks */ = {
			isa = PBXFrameworksBuildPhase;
			buildActionMask = 2147483647;
			files = (
				07891410E6C6067D6E7E9157 /* Pods_Basic_Instagram_Clone_with_Firebase.framework in Frameworks */,
			);
			runOnlyForDeploymentPostprocessing = 0;
		};
/* End PBXFrameworksBuildPhase section */

/* Begin PBXGroup section */
		159A2961EF9DDF63D180B15A /* Frameworks */ = {
			isa = PBXGroup;
			children = (
				E2681B1F2944A07DD5020AD1 /* Pods_Basic_Instagram_Clone_with_Firebase.framework */,
			);
			name = Frameworks;
			sourceTree = "<group>";
		};
		15EE937B20F59212EAD9D856 /* Pods */ = {
			isa = PBXGroup;
			children = (
				3C51E184463B4FBD131D121B /* Pods-Basic Instagram Clone with Firebase.debug.xcconfig */,
				9F6F7F51847A8748AA783EEC /* Pods-Basic Instagram Clone with Firebase.release.xcconfig */,
			);
			path = Pods;
			sourceTree = "<group>";
		};
		ECDE1A182A30B70D00C9B2FE = {
			isa = PBXGroup;
			children = (
				ECDE1A232A30B70D00C9B2FE /* Basic Instagram Clone with Firebase */,
				ECDE1A222A30B70D00C9B2FE /* Products */,
				15EE937B20F59212EAD9D856 /* Pods */,
				159A2961EF9DDF63D180B15A /* Frameworks */,
			);
			sourceTree = "<group>";
		};
		ECDE1A222A30B70D00C9B2FE /* Products */ = {
			isa = PBXGroup;
			children = (
				ECDE1A212A30B70D00C9B2FE /* Basic Instagram Clone with Firebase.app */,
			);
			name = Products;
			sourceTree = "<group>";
		};
		ECDE1A232A30B70D00C9B2FE /* Basic Instagram Clone with Firebase */ = {
			isa = PBXGroup;
			children = (
				ECDE1A242A30B70D00C9B2FE /* AppDelegate.swift */,
				ECDE1A262A30B70D00C9B2FE /* SceneDelegate.swift */,
				ECDE1A2A2A30B70D00C9B2FE /* Main.storyboard */,
				ECDE1A282A30B70D00C9B2FE /* ViewController.swift */,
				ECC616B02A30E54500EC430B /* FeedVC.swift */,
				ECC616B22A30E57500EC430B /* UploadVC.swift */,
				ECC616B42A30E58400EC430B /* SettingsVC.swift */,
				ECDE1A2D2A30B70E00C9B2FE /* Assets.xcassets */,
				ECDE1A2F2A30B70E00C9B2FE /* LaunchScreen.storyboard */,
				ECDE1A382A30BBC200C9B2FE /* GoogleService-Info.plist */,
				ECDE1A322A30B70E00C9B2FE /* Info.plist */,
			);
			path = "Basic Instagram Clone with Firebase";
			sourceTree = "<group>";
		};
/* End PBXGroup section */

/* Begin PBXNativeTarget section */
		ECDE1A202A30B70D00C9B2FE /* Basic Instagram Clone with Firebase */ = {
			isa = PBXNativeTarget;
			buildConfigurationList = ECDE1A352A30B70E00C9B2FE /* Build configuration list for PBXNativeTarget "Basic Instagram Clone with Firebase" */;
			buildPhases = (
				5C7E1B4C9D75B23A87CEC970 /* [CP] Check Pods Manifest.lock */,
				ECDE1A1D2A30B70D00C9B2FE /* Sources */,
				ECDE1A1E2A30B70D00C9B2FE /* Frameworks */,
				ECDE1A1F2A30B70D00C9B2FE /* Resources */,
				769B82217CC7F896A9E2F948 /* [CP] Embed Pods Frameworks */,
			);
			buildRules = (
			);
			dependencies = (
			);
			name = "Basic Instagram Clone with Firebase";
			productName = "Basic Instagram Clone with Firebase";
			productReference = ECDE1A212A30B70D00C9B2FE /* Basic Instagram Clone with Firebase.app */;
			productType = "com.apple.product-type.application";
		};
/* End PBXNativeTarget section */

/* Begin PBXProject section */
		ECDE1A192A30B70D00C9B2FE /* Project object */ = {
			isa = PBXProject;
			attributes = {
				BuildIndependentTargetsInParallel = 1;
				LastSwiftUpdateCheck = 1430;
				LastUpgradeCheck = 1430;
				TargetAttributes = {
					ECDE1A202A30B70D00C9B2FE = {
						CreatedOnToolsVersion = 14.3.1;
					};
				};
			};
			buildConfigurationList = ECDE1A1C2A30B70D00C9B2FE /* Build configuration list for PBXProject "Basic Instagram Clone with Firebase" */;
			compatibilityVersion = "Xcode 14.0";
			developmentRegion = en;
			hasScannedForEncodings = 0;
			knownRegions = (
				en,
				Base,
			);
			mainGroup = ECDE1A182A30B70D00C9B2FE;
			productRefGroup = ECDE1A222A30B70D00C9B2FE /* Products */;
			projectDirPath = "";
			projectRoot = "";
			targets = (
				ECDE1A202A30B70D00C9B2FE /* Basic Instagram Clone with Firebase */,
			);
		};
/* End PBXProject section */

/* Begin PBXResourcesBuildPhase section */
		ECDE1A1F2A30B70D00C9B2FE /* Resources */ = {
			isa = PBXResourcesBuildPhase;
			buildActionMask = 2147483647;
			files = (
				ECDE1A312A30B70E00C9B2FE /* LaunchScreen.storyboard in Resources */,
				ECDE1A392A30BBC200C9B2FE /* GoogleService-Info.plist in Resources */,
				ECDE1A2E2A30B70E00C9B2FE /* Assets.xcassets in Resources */,
				ECDE1A2C2A30B70D00C9B2FE /* Main.storyboard in Resources */,
			);
			runOnlyForDeploymentPostprocessing = 0;
		};
/* End PBXResourcesBuildPhase section */

/* Begin PBXShellScriptBuildPhase section */
		5C7E1B4C9D75B23A87CEC970 /* [CP] Check Pods Manifest.lock */ = {
			isa = PBXShellScriptBuildPhase;
			buildActionMask = 2147483647;
			files = (
			);
			inputFileListPaths = (
			);
			inputPaths = (
				"${PODS_PODFILE_DIR_PATH}/Podfile.lock",
				"${PODS_ROOT}/Manifest.lock",
			);
			name = "[CP] Check Pods Manifest.lock";
			outputFileListPaths = (
			);
			outputPaths = (
				"$(DERIVED_FILE_DIR)/Pods-Basic Instagram Clone with Firebase-checkManifestLockResult.txt",
			);
			runOnlyForDeploymentPostprocessing = 0;
			shellPath = /bin/sh;
			shellScript = "diff \"${PODS_PODFILE_DIR_PATH}/Podfile.lock\" \"${PODS_ROOT}/Manifest.lock\" > /dev/null\nif [ $? != 0 ] ; then\n    # print error to STDERR\n    echo \"error: The sandbox is not in sync with the Podfile.lock. Run 'pod install' or update your CocoaPods installation.\" >&2\n    exit 1\nfi\n# This output is used by Xcode 'outputs' to avoid re-running this script phase.\necho \"SUCCESS\" > \"${SCRIPT_OUTPUT_FILE_0}\"\n";
			showEnvVarsInLog = 0;
		};
		769B82217CC7F896A9E2F948 /* [CP] Embed Pods Frameworks */ = {
			isa = PBXShellScriptBuildPhase;
			buildActionMask = 2147483647;
			files = (
			);
			inputFileListPaths = (
				"${PODS_ROOT}/Target Support Files/Pods-Basic Instagram Clone with Firebase/Pods-Basic Instagram Clone with Firebase-frameworks-${CONFIGURATION}-input-files.xcfilelist",
			);
			name = "[CP] Embed Pods Frameworks";
			outputFileListPaths = (
				"${PODS_ROOT}/Target Support Files/Pods-Basic Instagram Clone with Firebase/Pods-Basic Instagram Clone with Firebase-frameworks-${CONFIGURATION}-output-files.xcfilelist",
			);
			runOnlyForDeploymentPostprocessing = 0;
			shellPath = /bin/sh;
			shellScript = "\"${PODS_ROOT}/Target Support Files/Pods-Basic Instagram Clone with Firebase/Pods-Basic Instagram Clone with Firebase-frameworks.sh\"\n";
			showEnvVarsInLog = 0;
		};
/* End PBXShellScriptBuildPhase section */

/* Begin PBXSourcesBuildPhase section */
		ECDE1A1D2A30B70D00C9B2FE /* Sources */ = {
			isa = PBXSourcesBuildPhase;
			buildActionMask = 2147483647;
			files = (
				ECC616B12A30E54500EC430B /* FeedVC.swift in Sources */,
				ECDE1A292A30B70D00C9B2FE /* ViewController.swift in Sources */,
				ECDE1A252A30B70D00C9B2FE /* AppDelegate.swift in Sources */,
				ECC616B32A30E57500EC430B /* UploadVC.swift in Sources */,
				ECDE1A272A30B70D00C9B2FE /* SceneDelegate.swift in Sources */,
				ECC616B52A30E58400EC430B /* SettingsVC.swift in Sources */,
			);
			runOnlyForDeploymentPostprocessing = 0;
		};
/* End PBXSourcesBuildPhase section */

/* Begin PBXVariantGroup section */
		ECDE1A2A2A30B70D00C9B2FE /* Main.storyboard */ = {
			isa = PBXVariantGroup;
			children = (
				ECDE1A2B2A30B70D00C9B2FE /* Base */,
			);
			name = Main.storyboard;
			sourceTree = "<group>";
		};
		ECDE1A2F2A30B70E00C9B2FE /* LaunchScreen.storyboard */ = {
			isa = PBXVariantGroup;
			children = (
				ECDE1A302A30B70E00C9B2FE /* Base */,
			);
			name = LaunchScreen.storyboard;
			sourceTree = "<group>";
		};
/* End PBXVariantGroup section */

/* Begin XCBuildConfiguration section */
		ECDE1A332A30B70E00C9B2FE /* Debug */ = {
			isa = XCBuildConfiguration;
			buildSettings = {
				ALWAYS_SEARCH_USER_PATHS = NO;
				CLANG_ANALYZER_NONNULL = YES;
				CLANG_ANALYZER_NUMBER_OBJECT_CONVERSION = YES_AGGRESSIVE;
				CLANG_CXX_LANGUAGE_STANDARD = "gnu++20";
				CLANG_ENABLE_MODULES = YES;
				CLANG_ENABLE_OBJC_ARC = YES;
				CLANG_ENABLE_OBJC_WEAK = YES;
				CLANG_WARN_BLOCK_CAPTURE_AUTORELEASING = YES;
				CLANG_WARN_BOOL_CONVERSION = YES;
				CLANG_WARN_COMMA = YES;
				CLANG_WARN_CONSTANT_CONVERSION = YES;
				CLANG_WARN_DEPRECATED_OBJC_IMPLEMENTATIONS = YES;
				CLANG_WARN_DIRECT_OBJC_ISA_USAGE = YES_ERROR;
				CLANG_WARN_DOCUMENTATION_COMMENTS = YES;
				CLANG_WARN_EMPTY_BODY = YES;
				CLANG_WARN_ENUM_CONVERSION = YES;
				CLANG_WARN_INFINITE_RECURSION = YES;
				CLANG_WARN_INT_CONVERSION = YES;
				CLANG_WARN_NON_LITERAL_NULL_CONVERSION = YES;
				CLANG_WARN_OBJC_IMPLICIT_RETAIN_SELF = YES;
				CLANG_WARN_OBJC_LITERAL_CONVERSION = YES;
				CLANG_WARN_OBJC_ROOT_CLASS = YES_ERROR;
				CLANG_WARN_QUOTED_INCLUDE_IN_FRAMEWORK_HEADER = YES;
				CLANG_WARN_RANGE_LOOP_ANALYSIS = YES;
				CLANG_WARN_STRICT_PROTOTYPES = YES;
				CLANG_WARN_SUSPICIOUS_MOVE = YES;
				CLANG_WARN_UNGUARDED_AVAILABILITY = YES_AGGRESSIVE;
				CLANG_WARN_UNREACHABLE_CODE = YES;
				CLANG_WARN__DUPLICATE_METHOD_MATCH = YES;
				COPY_PHASE_STRIP = NO;
				DEBUG_INFORMATION_FORMAT = dwarf;
				ENABLE_STRICT_OBJC_MSGSEND = YES;
				ENABLE_TESTABILITY = YES;
				GCC_C_LANGUAGE_STANDARD = gnu11;
				GCC_DYNAMIC_NO_PIC = NO;
				GCC_NO_COMMON_BLOCKS = YES;
				GCC_OPTIMIZATION_LEVEL = 0;
				GCC_PREPROCESSOR_DEFINITIONS = (
					"DEBUG=1",
					"$(inherited)",
				);
				GCC_WARN_64_TO_32_BIT_CONVERSION = YES;
				GCC_WARN_ABOUT_RETURN_TYPE = YES_ERROR;
				GCC_WARN_UNDECLARED_SELECTOR = YES;
				GCC_WARN_UNINITIALIZED_AUTOS = YES_AGGRESSIVE;
				GCC_WARN_UNUSED_FUNCTION = YES;
				GCC_WARN_UNUSED_VARIABLE = YES;
				IPHONEOS_DEPLOYMENT_TARGET = 16.4;
				MTL_ENABLE_DEBUG_INFO = INCLUDE_SOURCE;
				MTL_FAST_MATH = YES;
				ONLY_ACTIVE_ARCH = YES;
				SDKROOT = iphoneos;
				SWIFT_ACTIVE_COMPILATION_CONDITIONS = DEBUG;
				SWIFT_OPTIMIZATION_LEVEL = "-Onone";
			};
			name = Debug;
		};
		ECDE1A342A30B70E00C9B2FE /* Release */ = {
			isa = XCBuildConfiguration;
			buildSettings = {
				ALWAYS_SEARCH_USER_PATHS = NO;
				CLANG_ANALYZER_NONNULL = YES;
				CLANG_ANALYZER_NUMBER_OBJECT_CONVERSION = YES_AGGRESSIVE;
				CLANG_CXX_LANGUAGE_STANDARD = "gnu++20";
				CLANG_ENABLE_MODULES = YES;
				CLANG_ENABLE_OBJC_ARC = YES;
				CLANG_ENABLE_OBJC_WEAK = YES;
				CLANG_WARN_BLOCK_CAPTURE_AUTORELEASING = YES;
				CLANG_WARN_BOOL_CONVERSION = YES;
				CLANG_WARN_COMMA = YES;
				CLANG_WARN_CONSTANT_CONVERSION = YES;
				CLANG_WARN_DEPRECATED_OBJC_IMPLEMENTATIONS = YES;
				CLANG_WARN_DIRECT_OBJC_ISA_USAGE = YES_ERROR;
				CLANG_WARN_DOCUMENTATION_COMMENTS = YES;
				CLANG_WARN_EMPTY_BODY = YES;
				CLANG_WARN_ENUM_CONVERSION = YES;
				CLANG_WARN_INFINITE_RECURSION = YES;
				CLANG_WARN_INT_CONVERSION = YES;
				CLANG_WARN_NON_LITERAL_NULL_CONVERSION = YES;
				CLANG_WARN_OBJC_IMPLICIT_RETAIN_SELF = YES;
				CLANG_WARN_OBJC_LITERAL_CONVERSION = YES;
				CLANG_WARN_OBJC_ROOT_CLASS = YES_ERROR;
				CLANG_WARN_QUOTED_INCLUDE_IN_FRAMEWORK_HEADER = YES;
				CLANG_WARN_RANGE_LOOP_ANALYSIS = YES;
				CLANG_WARN_STRICT_PROTOTYPES = YES;
				CLANG_WARN_SUSPICIOUS_MOVE = YES;
				CLANG_WARN_UNGUARDED_AVAILABILITY = YES_AGGRESSIVE;
				CLANG_WARN_UNREACHABLE_CODE = YES;
				CLANG_WARN__DUPLICATE_METHOD_MATCH = YES;
				COPY_PHASE_STRIP = NO;
				DEBUG_INFORMATION_FORMAT = "dwarf-with-dsym";
				ENABLE_NS_ASSERTIONS = NO;
				ENABLE_STRICT_OBJC_MSGSEND = YES;
				GCC_C_LANGUAGE_STANDARD = gnu11;
				GCC_NO_COMMON_BLOCKS = YES;
				GCC_WARN_64_TO_32_BIT_CONVERSION = YES;
				GCC_WARN_ABOUT_RETURN_TYPE = YES_ERROR;
				GCC_WARN_UNDECLARED_SELECTOR = YES;
				GCC_WARN_UNINITIALIZED_AUTOS = YES_AGGRESSIVE;
				GCC_WARN_UNUSED_FUNCTION = YES;
				GCC_WARN_UNUSED_VARIABLE = YES;
				IPHONEOS_DEPLOYMENT_TARGET = 16.4;
				MTL_ENABLE_DEBUG_INFO = NO;
				MTL_FAST_MATH = YES;
				SDKROOT = iphoneos;
				SWIFT_COMPILATION_MODE = wholemodule;
				SWIFT_OPTIMIZATION_LEVEL = "-O";
				VALIDATE_PRODUCT = YES;
			};
			name = Release;
		};
		ECDE1A362A30B70E00C9B2FE /* Debug */ = {
			isa = XCBuildConfiguration;
			baseConfigurationReference = 3C51E184463B4FBD131D121B /* Pods-Basic Instagram Clone with Firebase.debug.xcconfig */;
			buildSettings = {
				ASSETCATALOG_COMPILER_APPICON_NAME = AppIcon;
				ASSETCATALOG_COMPILER_GLOBAL_ACCENT_COLOR_NAME = AccentColor;
				CODE_SIGN_STYLE = Automatic;
				CURRENT_PROJECT_VERSION = 1;
				DEVELOPMENT_TEAM = 2QAS44S4GM;
				GENERATE_INFOPLIST_FILE = YES;
				INFOPLIST_FILE = "Basic Instagram Clone with Firebase/Info.plist";
				INFOPLIST_KEY_UIApplicationSupportsIndirectInputEvents = YES;
				INFOPLIST_KEY_UILaunchStoryboardName = LaunchScreen;
				INFOPLIST_KEY_UIMainStoryboardFile = Main;
				INFOPLIST_KEY_UISupportedInterfaceOrientations_iPad = "UIInterfaceOrientationPortrait UIInterfaceOrientationPortraitUpsideDown UIInterfaceOrientationLandscapeLeft UIInterfaceOrientationLandscapeRight";
				INFOPLIST_KEY_UISupportedInterfaceOrientations_iPhone = "UIInterfaceOrientationPortrait UIInterfaceOrientationLandscapeLeft UIInterfaceOrientationLandscapeRight";
				LD_RUNPATH_SEARCH_PATHS = (
					"$(inherited)",
					"@executable_path/Frameworks",
				);
				MARKETING_VERSION = 1.0;
				PRODUCT_BUNDLE_IDENTIFIER = "com.serhatsimsek.Basic-Instagram-Clone-with-Firebase";
				PRODUCT_NAME = "$(TARGET_NAME)";
				SWIFT_EMIT_LOC_STRINGS = YES;
				SWIFT_VERSION = 5.0;
				TARGETED_DEVICE_FAMILY = "1,2";
			};
			name = Debug;
		};
		ECDE1A372A30B70E00C9B2FE /* Release */ = {
			isa = XCBuildConfiguration;
			baseConfigurationReference = 9F6F7F51847A8748AA783EEC /* Pods-Basic Instagram Clone with Firebase.release.xcconfig */;
			buildSettings = {
				ASSETCATALOG_COMPILER_APPICON_NAME = AppIcon;
				ASSETCATALOG_COMPILER_GLOBAL_ACCENT_COLOR_NAME = AccentColor;
				CODE_SIGN_STYLE = Automatic;
				CURRENT_PROJECT_VERSION = 1;
				DEVELOPMENT_TEAM = 2QAS44S4GM;
				GENERATE_INFOPLIST_FILE = YES;
				INFOPLIST_FILE = "Basic Instagram Clone with Firebase/Info.plist";
				INFOPLIST_KEY_UIApplicationSupportsIndirectInputEvents = YES;
				INFOPLIST_KEY_UILaunchStoryboardName = LaunchScreen;
				INFOPLIST_KEY_UIMainStoryboardFile = Main;
				INFOPLIST_KEY_UISupportedInterfaceOrientations_iPad = "UIInterfaceOrientationPortrait UIInterfaceOrientationPortraitUpsideDown UIInterfaceOrientationLandscapeLeft UIInterfaceOrientationLandscapeRight";
				INFOPLIST_KEY_UISupportedInterfaceOrientations_iPhone = "UIInterfaceOrientationPortrait UIInterfaceOrientationLandscapeLeft UIInterfaceOrientationLandscapeRight";
				LD_RUNPATH_SEARCH_PATHS = (
					"$(inherited)",
					"@executable_path/Frameworks",
				);
				MARKETING_VERSION = 1.0;
				PRODUCT_BUNDLE_IDENTIFIER = "com.serhatsimsek.Basic-Instagram-Clone-with-Firebase";
				PRODUCT_NAME = "$(TARGET_NAME)";
				SWIFT_EMIT_LOC_STRINGS = YES;
				SWIFT_VERSION = 5.0;
				TARGETED_DEVICE_FAMILY = "1,2";
			};
			name = Release;
		};
/* End XCBuildConfiguration section */

/* Begin XCConfigurationList section */
		ECDE1A1C2A30B70D00C9B2FE /* Build configuration list for PBXProject "Basic Instagram Clone with Firebase" */ = {
			isa = XCConfigurationList;
			buildConfigurations = (
				ECDE1A332A30B70E00C9B2FE /* Debug */,
				ECDE1A342A30B70E00C9B2FE /* Release */,
			);
			defaultConfigurationIsVisible = 0;
			defaultConfigurationName = Release;
		};
		ECDE1A352A30B70E00C9B2FE /* Build configuration list for PBXNativeTarget "Basic Instagram Clone with Firebase" */ = {
			isa = XCConfigurationList;
			buildConfigurations = (
				ECDE1A362A30B70E00C9B2FE /* Debug */,
				ECDE1A372A30B70E00C9B2FE /* Release */,
			);
			defaultConfigurationIsVisible = 0;
			defaultConfigurationName = Release;
		};
/* End XCConfigurationList section */
	};
	rootObject = ECDE1A192A30B70D00C9B2FE /* Project object */;
}
